
Microsoft Visual Studio Solution File, Format Version 12.00
# Visual Studio 14
VisualStudioVersion = 14.0.23107.0
MinimumVisualStudioVersion = 10.0.40219.1
Project("{FAE04EC0-301F-11D3-BF4B-00C04F79EFBC}") = "Demo 7", "Demo 7\Demo 7.csproj", "{A582A6FA-3EE8-4AD2-9C23-793519D52FAC}"
EndProject
Project("{FAE04EC0-301F-11D3-BF4B-00C04F79EFBC}") = "Excercise 1", "Excercise 1\Excercise 1.csproj", "{13BCB1DD-3737-4AB0-86A9-84201FB2B8ED}"
EndProject
Project("{FAE04EC0-301F-11D3-BF4B-00C04F79EFBC}") = "Excercise 2", "Excercise 2\Excercise 2.csproj", "{E8DAD448-4C32-4008-860F-6FB099476EE7}"
EndProject
Project("{FAE04EC0-301F-11D3-BF4B-00C04F79EFBC}") = "Excercise 3", "Excercise 3\Excercise 3.csproj", "{BCAD622C-197D-4EDF-A945-530C60C4D0A7}"
EndProject
Global
	GlobalSection(SolutionConfigurationPlatforms) = preSolution
		Debug|Any CPU = Debug|Any CPU
		Release|Any CPU = Release|Any CPU
	EndGlobalSection
	GlobalSection(ProjectConfigurationPlatforms) = postSolution
		{A582A6FA-3EE8-4AD2-9C23-793519D52FAC}.Debug|Any CPU.ActiveCfg = Debug|Any CPU
		{A582A6FA-3EE8-4AD2-9C23-793519D52FAC}.Debug|Any CPU.Build.0 = Debug|Any CPU
		{A582A6FA-3EE8-4AD2-9C23-793519D52FAC}.Release|Any CPU.ActiveCfg = Release|Any CPU
		{A582A6FA-3EE8-4AD2-9C23-793519D52FAC}.Release|Any CPU.Build.0 = Release|Any CPU
		{13BCB1DD-3737-4AB0-86A9-84201FB2B8ED}.Debug|Any CPU.ActiveCfg = Debug|Any CPU
		{13BCB1DD-3737-4AB0-86A9-84201FB2B8ED}.Debug|Any CPU.Build.0 = Debug|Any CPU
		{13BCB1DD-3737-4AB0-86A9-84201FB2B8ED}.Release|Any CPU.ActiveCfg = Release|Any CPU
		{13BCB1DD-3737-4AB0-86A9-84201FB2B8ED}.Release|Any CPU.Build.0 = Release|Any CPU
		{E8DAD448-4C32-4008-860F-6FB099476EE7}.Debug|Any CPU.ActiveCfg = Debug|Any CPU
		{E8DAD448-4C32-4008-860F-6FB099476EE7}.Debug|Any CPU.Build.0 = Debug|Any CPU
		{E8DAD448-4C32-4008-860F-6FB099476EE7}.Release|Any CPU.ActiveCfg = Release|Any CPU
		{E8DAD448-4C32-4008-860F-6FB099476EE7}.Release|Any CPU.Build.0 = Release|Any CPU
		{BCAD622C-197D-4EDF-A945-530C60C4D0A7}.Debug|Any CPU.ActiveCfg = Debug|Any CPU
		{BCAD622C-197D-4EDF-A945-530C60C4D0A7}.Debug|Any CPU.Build.0 = Debug|Any CPU
		{BCAD622C-197D-4EDF-A945-530C60C4D0A7}.Release|Any CPU.ActiveCfg = Release|Any CPU
		{BCAD622C-197D-4EDF-A945-530C60C4D0A7}.Release|Any CPU.Build.0 = Release|Any CPU
	EndGlobalSection
	GlobalSection(SolutionProperties) = preSolution
		HideSolutionNode = FALSE
	EndGlobalSection
EndGlobal
